
Microsoft Visual Studio Solution File, Format Version 12.00
# Visual Studio Version 16
VisualStudioVersion = 16.0.34031.81
MinimumVisualStudioVersion = 10.0.40219.1
Project("{888888A0-9F3D-457C-B088-3A5042F75D52}") = "4JLSC-YairGonzalez-04py", "4JLSC-YairGonzalez-04py\4JLSC-YairGonzalez-04py.pyproj", "{DD440F55-CA15-4D61-ACCC-C8FE81A28765}"
EndProject
Global
	GlobalSection(SolutionConfigurationPlatforms) = preSolution
		Debug|Any CPU = Debug|Any CPU
		Release|Any CPU = Release|Any CPU
	EndGlobalSection
	GlobalSection(ProjectConfigurationPlatforms) = postSolution
		{DD440F55-CA15-4D61-ACCC-C8FE81A28765}.Debug|Any CPU.ActiveCfg = Debug|Any CPU
		{DD440F55-CA15-4D61-ACCC-C8FE81A28765}.Release|Any CPU.ActiveCfg = Release|Any CPU
	EndGlobalSection
	GlobalSection(SolutionProperties) = preSolution
		HideSolutionNode = FALSE
	EndGlobalSection
	GlobalSection(ExtensibilityGlobals) = postSolution
		SolutionGuid = {A5FC1C52-637D-4852-AD6F-54FAF898A7EF}
	EndGlobalSection
EndGlobal
